
Microsoft Visual Studio Solution File, Format Version 12.00
# Visual Studio Version 16
VisualStudioVersion = 16.0.31729.503
MinimumVisualStudioVersion = 10.0.40219.1
Project("{FAE04EC0-301F-11D3-BF4B-00C04F79EFBC}") = "Praktikum Week 14-Jeffri Lieca H-0706022110016", "Praktikum Week 14-Jeffri Lieca H-0706022110016\Praktikum Week 14-Jeffri Lieca H-0706022110016.csproj", "{D54EB7B8-814D-4438-815C-E01119F0A93A}"
EndProject
Global
	GlobalSection(SolutionConfigurationPlatforms) = preSolution
		Debug|Any CPU = Debug|Any CPU
		Release|Any CPU = Release|Any CPU
	EndGlobalSection
	GlobalSection(ProjectConfigurationPlatforms) = postSolution
		{D54EB7B8-814D-4438-815C-E01119F0A93A}.Debug|Any CPU.ActiveCfg = Debug|Any CPU
		{D54EB7B8-814D-4438-815C-E01119F0A93A}.Debug|Any CPU.Build.0 = Debug|Any CPU
		{D54EB7B8-814D-4438-815C-E01119F0A93A}.Release|Any CPU.ActiveCfg = Release|Any CPU
		{D54EB7B8-814D-4438-815C-E01119F0A93A}.Release|Any CPU.Build.0 = Release|Any CPU
	EndGlobalSection
	GlobalSection(SolutionProperties) = preSolution
		HideSolutionNode = FALSE
	EndGlobalSection
	GlobalSection(ExtensibilityGlobals) = postSolution
		SolutionGuid = {F41DAAC9-B1D7-4FCC-A650-D7581F961D31}
	EndGlobalSection
EndGlobal
